
Microsoft Visual Studio Solution File, Format Version 12.00
Project("{2150E333-8FDC-42A3-9474-1A3956D46DE8}") = "AuthService", "AuthService", "{DAB28E51-6FBC-402C-86CC-3DB36CADA61C}"
EndProject
Project("{2150E333-8FDC-42A3-9474-1A3956D46DE8}") = "src", "src", "{002C37F8-3CCD-4FA6-960E-0CCB7B5F91F7}"
EndProject
Project("{2150E333-8FDC-42A3-9474-1A3956D46DE8}") = "tests", "tests", "{0645B11C-3DC4-47B5-A2F4-5BE36F0DFACE}"
EndProject
Project("{FAE04EC0-301F-11D3-BF4B-00C04F79EFBC}") = "AuthService.Api", "AuthService\src\AuthService.Api\AuthService.Api.csproj", "{2CAB55A2-15A7-401C-94C6-F8B273B50F5B}"
EndProject
Project("{FAE04EC0-301F-11D3-BF4B-00C04F79EFBC}") = "AuthService.Domain", "AuthService\src\AuthService.Domain\AuthService.Domain.csproj", "{7A7705EB-7DB1-4692-8BBE-16B432EE4979}"
EndProject
Project("{FAE04EC0-301F-11D3-BF4B-00C04F79EFBC}") = "AuthService.Infrastructure", "AuthService\src\AuthService.Infrastructure\AuthService.Infrastructure.csproj", "{45B7261D-0C7E-4416-A1A0-9C965C3794F0}"
EndProject
Project("{FAE04EC0-301F-11D3-BF4B-00C04F79EFBC}") = "AuthService.Application", "AuthService\src\AuthService.Application\AuthService.Application.csproj", "{45153401-B1DC-4B29-9579-BF1B0FB46E51}"
EndProject
Project("{2150E333-8FDC-42A3-9474-1A3956D46DE8}") = "VokiCreationServicesCollection", "VokiCreationServicesCollection", "{B26070E2-D6BD-4847-8626-CCE5D7FD4EEE}"
EndProject
Project("{2150E333-8FDC-42A3-9474-1A3956D46DE8}") = "GeneralVokiCreationService", "GeneralVokiCreationService", "{B938677E-3D67-4636-9A9B-69AE11540664}"
EndProject
Project("{2150E333-8FDC-42A3-9474-1A3956D46DE8}") = "src", "src", "{3C693F4E-C548-4594-B908-C6449754DC64}"
EndProject
Project("{FAE04EC0-301F-11D3-BF4B-00C04F79EFBC}") = "GeneralVokiCreationService.Domain", "VokiCreationServicesCollection\GeneralVokiCreationService\src\GeneralVokiCreationService.Domain\GeneralVokiCreationService.Domain.csproj", "{ABA9E12B-9D6A-4B32-BFE4-5DEA2631DF07}"
EndProject
Project("{2150E333-8FDC-42A3-9474-1A3956D46DE8}") = "Libs", "Libs", "{D19B225D-D1A8-40C2-9DE4-FBFB4BAF9DA0}"
EndProject
Project("{FAE04EC0-301F-11D3-BF4B-00C04F79EFBC}") = "ApiShared", "Libs\ApiShared\ApiShared.csproj", "{327F1116-D36D-4392-9540-C08ADB560D9D}"
EndProject
Project("{FAE04EC0-301F-11D3-BF4B-00C04F79EFBC}") = "SharedKernel", "SharedKernel\SharedKernel.csproj", "{2218DB80-1412-4D49-9F92-2E76E9A6361A}"
EndProject
Project("{FAE04EC0-301F-11D3-BF4B-00C04F79EFBC}") = "InfrastructureShared", "Libs\InfrastructureShared\InfrastructureShared.csproj", "{8E2E8459-9E0E-48C6-B37B-01D2B4A73AB5}"
EndProject
Project("{FAE04EC0-301F-11D3-BF4B-00C04F79EFBC}") = "ApplicationShared", "Libs\ApplicationShared\ApplicationShared.csproj", "{24A9E580-A468-408B-9024-74A65B174255}"
EndProject
Project("{FAE04EC0-301F-11D3-BF4B-00C04F79EFBC}") = "GeneralVokiCreationService.Application", "VokiCreationServicesCollection\GeneralVokiCreationService\src\GeneralVokiCreationService.Application\GeneralVokiCreationService.Application.csproj", "{1595E421-C80B-4804-928F-C39A0C115516}"
EndProject
Project("{FAE04EC0-301F-11D3-BF4B-00C04F79EFBC}") = "GeneralVokiCreationService.Infrastructure", "VokiCreationServicesCollection\GeneralVokiCreationService\src\GeneralVokiCreationService.Infrastructure\GeneralVokiCreationService.Infrastructure.csproj", "{8304995F-1582-4BC5-B76A-DEDA284686F7}"
EndProject
Project("{FAE04EC0-301F-11D3-BF4B-00C04F79EFBC}") = "GeneralVokiCreationService.Api", "VokiCreationServicesCollection\GeneralVokiCreationService\src\GeneralVokiCreationService.Api\GeneralVokiCreationService.Api.csproj", "{9D20957E-CDC1-4E4A-9C26-EFDBA95F4BE9}"
EndProject
Project("{2150E333-8FDC-42A3-9474-1A3956D46DE8}") = "CoreVokiCreationService", "CoreVokiCreationService", "{A3B27B20-693C-4EEB-8E64-C796CF219B72}"
EndProject
Project("{2150E333-8FDC-42A3-9474-1A3956D46DE8}") = "src", "src", "{FEE113DF-892E-4209-9111-600C055C2D51}"
EndProject
Project("{FAE04EC0-301F-11D3-BF4B-00C04F79EFBC}") = "CoreVokiCreationService.Api", "VokiCreationServicesCollection\CoreVokiCreationService\src\CoreVokiCreationService.Api\CoreVokiCreationService.Api.csproj", "{83438AB8-62A9-485C-A5F2-89CE7177DAA3}"
EndProject
Project("{FAE04EC0-301F-11D3-BF4B-00C04F79EFBC}") = "CoreVokiCreationService.Application", "VokiCreationServicesCollection\CoreVokiCreationService\src\CoreVokiCreationService.Application\CoreVokiCreationService.Application.csproj", "{31791F5C-0F3C-490F-8791-328E1B8C584E}"
EndProject
Project("{FAE04EC0-301F-11D3-BF4B-00C04F79EFBC}") = "CoreVokiCreationService.Domain", "VokiCreationServicesCollection\CoreVokiCreationService\src\CoreVokiCreationService.Domain\CoreVokiCreationService.Domain.csproj", "{4DFD7E7F-3CD5-4D9A-9DBA-2C9E738471C4}"
EndProject
Project("{FAE04EC0-301F-11D3-BF4B-00C04F79EFBC}") = "CoreVokiCreationService.Infrastructure", "VokiCreationServicesCollection\CoreVokiCreationService\src\CoreVokiCreationService.Infrastructure\CoreVokiCreationService.Infrastructure.csproj", "{AE05B8AC-9950-4A9E-BE7F-6A10693CC54C}"
EndProject
Project("{FAE04EC0-301F-11D3-BF4B-00C04F79EFBC}") = "DraftVokisLib", "VokiCreationServicesCollection\DraftVokisLib\DraftVokisLib.csproj", "{8DAC7999-82B4-4DED-94ED-35377F8A4FE8}"
EndProject
Project("{2150E333-8FDC-42A3-9474-1A3956D46DE8}") = "NotificationsService", "NotificationsService", "{D2BCCD5D-A559-44F1-B14B-16091A2C567E}"
EndProject
Project("{2150E333-8FDC-42A3-9474-1A3956D46DE8}") = "src", "src", "{2CA97717-2D9A-4A7C-B65C-A631EA04F3A0}"
EndProject
Project("{2150E333-8FDC-42A3-9474-1A3956D46DE8}") = "tests", "tests", "{1C3514D6-12CC-4840-AB72-E0F7A6A44CEC}"
EndProject
Global
	GlobalSection(SolutionConfigurationPlatforms) = preSolution
		Debug|Any CPU = Debug|Any CPU
		Release|Any CPU = Release|Any CPU
	EndGlobalSection
	GlobalSection(NestedProjects) = preSolution
		{002C37F8-3CCD-4FA6-960E-0CCB7B5F91F7} = {DAB28E51-6FBC-402C-86CC-3DB36CADA61C}
		{0645B11C-3DC4-47B5-A2F4-5BE36F0DFACE} = {DAB28E51-6FBC-402C-86CC-3DB36CADA61C}
		{2CAB55A2-15A7-401C-94C6-F8B273B50F5B} = {002C37F8-3CCD-4FA6-960E-0CCB7B5F91F7}
		{7A7705EB-7DB1-4692-8BBE-16B432EE4979} = {002C37F8-3CCD-4FA6-960E-0CCB7B5F91F7}
		{45B7261D-0C7E-4416-A1A0-9C965C3794F0} = {002C37F8-3CCD-4FA6-960E-0CCB7B5F91F7}
		{45153401-B1DC-4B29-9579-BF1B0FB46E51} = {002C37F8-3CCD-4FA6-960E-0CCB7B5F91F7}
		{B938677E-3D67-4636-9A9B-69AE11540664} = {B26070E2-D6BD-4847-8626-CCE5D7FD4EEE}
		{3C693F4E-C548-4594-B908-C6449754DC64} = {B938677E-3D67-4636-9A9B-69AE11540664}
		{ABA9E12B-9D6A-4B32-BFE4-5DEA2631DF07} = {3C693F4E-C548-4594-B908-C6449754DC64}
		{327F1116-D36D-4392-9540-C08ADB560D9D} = {D19B225D-D1A8-40C2-9DE4-FBFB4BAF9DA0}
		{8E2E8459-9E0E-48C6-B37B-01D2B4A73AB5} = {D19B225D-D1A8-40C2-9DE4-FBFB4BAF9DA0}
		{24A9E580-A468-408B-9024-74A65B174255} = {D19B225D-D1A8-40C2-9DE4-FBFB4BAF9DA0}
		{1595E421-C80B-4804-928F-C39A0C115516} = {3C693F4E-C548-4594-B908-C6449754DC64}
		{8304995F-1582-4BC5-B76A-DEDA284686F7} = {3C693F4E-C548-4594-B908-C6449754DC64}
		{9D20957E-CDC1-4E4A-9C26-EFDBA95F4BE9} = {3C693F4E-C548-4594-B908-C6449754DC64}
		{A3B27B20-693C-4EEB-8E64-C796CF219B72} = {B26070E2-D6BD-4847-8626-CCE5D7FD4EEE}
		{FEE113DF-892E-4209-9111-600C055C2D51} = {A3B27B20-693C-4EEB-8E64-C796CF219B72}
		{83438AB8-62A9-485C-A5F2-89CE7177DAA3} = {FEE113DF-892E-4209-9111-600C055C2D51}
		{31791F5C-0F3C-490F-8791-328E1B8C584E} = {FEE113DF-892E-4209-9111-600C055C2D51}
		{4DFD7E7F-3CD5-4D9A-9DBA-2C9E738471C4} = {FEE113DF-892E-4209-9111-600C055C2D51}
		{AE05B8AC-9950-4A9E-BE7F-6A10693CC54C} = {FEE113DF-892E-4209-9111-600C055C2D51}
		{8DAC7999-82B4-4DED-94ED-35377F8A4FE8} = {B26070E2-D6BD-4847-8626-CCE5D7FD4EEE}
		{2CA97717-2D9A-4A7C-B65C-A631EA04F3A0} = {D2BCCD5D-A559-44F1-B14B-16091A2C567E}
		{1C3514D6-12CC-4840-AB72-E0F7A6A44CEC} = {D2BCCD5D-A559-44F1-B14B-16091A2C567E}
	EndGlobalSection
	GlobalSection(ProjectConfigurationPlatforms) = postSolution
		{2CAB55A2-15A7-401C-94C6-F8B273B50F5B}.Debug|Any CPU.ActiveCfg = Debug|Any CPU
		{2CAB55A2-15A7-401C-94C6-F8B273B50F5B}.Debug|Any CPU.Build.0 = Debug|Any CPU
		{2CAB55A2-15A7-401C-94C6-F8B273B50F5B}.Release|Any CPU.ActiveCfg = Release|Any CPU
		{2CAB55A2-15A7-401C-94C6-F8B273B50F5B}.Release|Any CPU.Build.0 = Release|Any CPU
		{7A7705EB-7DB1-4692-8BBE-16B432EE4979}.Debug|Any CPU.ActiveCfg = Debug|Any CPU
		{7A7705EB-7DB1-4692-8BBE-16B432EE4979}.Debug|Any CPU.Build.0 = Debug|Any CPU
		{7A7705EB-7DB1-4692-8BBE-16B432EE4979}.Release|Any CPU.ActiveCfg = Release|Any CPU
		{7A7705EB-7DB1-4692-8BBE-16B432EE4979}.Release|Any CPU.Build.0 = Release|Any CPU
		{45B7261D-0C7E-4416-A1A0-9C965C3794F0}.Debug|Any CPU.ActiveCfg = Debug|Any CPU
		{45B7261D-0C7E-4416-A1A0-9C965C3794F0}.Debug|Any CPU.Build.0 = Debug|Any CPU
		{45B7261D-0C7E-4416-A1A0-9C965C3794F0}.Release|Any CPU.ActiveCfg = Release|Any CPU
		{45B7261D-0C7E-4416-A1A0-9C965C3794F0}.Release|Any CPU.Build.0 = Release|Any CPU
		{45153401-B1DC-4B29-9579-BF1B0FB46E51}.Debug|Any CPU.ActiveCfg = Debug|Any CPU
		{45153401-B1DC-4B29-9579-BF1B0FB46E51}.Debug|Any CPU.Build.0 = Debug|Any CPU
		{45153401-B1DC-4B29-9579-BF1B0FB46E51}.Release|Any CPU.ActiveCfg = Release|Any CPU
		{45153401-B1DC-4B29-9579-BF1B0FB46E51}.Release|Any CPU.Build.0 = Release|Any CPU
		{ABA9E12B-9D6A-4B32-BFE4-5DEA2631DF07}.Debug|Any CPU.ActiveCfg = Debug|Any CPU
		{ABA9E12B-9D6A-4B32-BFE4-5DEA2631DF07}.Debug|Any CPU.Build.0 = Debug|Any CPU
		{ABA9E12B-9D6A-4B32-BFE4-5DEA2631DF07}.Release|Any CPU.ActiveCfg = Release|Any CPU
		{ABA9E12B-9D6A-4B32-BFE4-5DEA2631DF07}.Release|Any CPU.Build.0 = Release|Any CPU
		{327F1116-D36D-4392-9540-C08ADB560D9D}.Debug|Any CPU.ActiveCfg = Debug|Any CPU
		{327F1116-D36D-4392-9540-C08ADB560D9D}.Debug|Any CPU.Build.0 = Debug|Any CPU
		{327F1116-D36D-4392-9540-C08ADB560D9D}.Release|Any CPU.ActiveCfg = Release|Any CPU
		{327F1116-D36D-4392-9540-C08ADB560D9D}.Release|Any CPU.Build.0 = Release|Any CPU
		{2218DB80-1412-4D49-9F92-2E76E9A6361A}.Debug|Any CPU.ActiveCfg = Debug|Any CPU
		{2218DB80-1412-4D49-9F92-2E76E9A6361A}.Debug|Any CPU.Build.0 = Debug|Any CPU
		{2218DB80-1412-4D49-9F92-2E76E9A6361A}.Release|Any CPU.ActiveCfg = Release|Any CPU
		{2218DB80-1412-4D49-9F92-2E76E9A6361A}.Release|Any CPU.Build.0 = Release|Any CPU
		{8E2E8459-9E0E-48C6-B37B-01D2B4A73AB5}.Debug|Any CPU.ActiveCfg = Debug|Any CPU
		{8E2E8459-9E0E-48C6-B37B-01D2B4A73AB5}.Debug|Any CPU.Build.0 = Debug|Any CPU
		{8E2E8459-9E0E-48C6-B37B-01D2B4A73AB5}.Release|Any CPU.ActiveCfg = Release|Any CPU
		{8E2E8459-9E0E-48C6-B37B-01D2B4A73AB5}.Release|Any CPU.Build.0 = Release|Any CPU
		{24A9E580-A468-408B-9024-74A65B174255}.Debug|Any CPU.ActiveCfg = Debug|Any CPU
		{24A9E580-A468-408B-9024-74A65B174255}.Debug|Any CPU.Build.0 = Debug|Any CPU
		{24A9E580-A468-408B-9024-74A65B174255}.Release|Any CPU.ActiveCfg = Release|Any CPU
		{24A9E580-A468-408B-9024-74A65B174255}.Release|Any CPU.Build.0 = Release|Any CPU
		{1595E421-C80B-4804-928F-C39A0C115516}.Debug|Any CPU.ActiveCfg = Debug|Any CPU
		{1595E421-C80B-4804-928F-C39A0C115516}.Debug|Any CPU.Build.0 = Debug|Any CPU
		{1595E421-C80B-4804-928F-C39A0C115516}.Release|Any CPU.ActiveCfg = Release|Any CPU
		{1595E421-C80B-4804-928F-C39A0C115516}.Release|Any CPU.Build.0 = Release|Any CPU
		{8304995F-1582-4BC5-B76A-DEDA284686F7}.Debug|Any CPU.ActiveCfg = Debug|Any CPU
		{8304995F-1582-4BC5-B76A-DEDA284686F7}.Debug|Any CPU.Build.0 = Debug|Any CPU
		{8304995F-1582-4BC5-B76A-DEDA284686F7}.Release|Any CPU.ActiveCfg = Release|Any CPU
		{8304995F-1582-4BC5-B76A-DEDA284686F7}.Release|Any CPU.Build.0 = Release|Any CPU
		{9D20957E-CDC1-4E4A-9C26-EFDBA95F4BE9}.Debug|Any CPU.ActiveCfg = Debug|Any CPU
		{9D20957E-CDC1-4E4A-9C26-EFDBA95F4BE9}.Debug|Any CPU.Build.0 = Debug|Any CPU
		{9D20957E-CDC1-4E4A-9C26-EFDBA95F4BE9}.Release|Any CPU.ActiveCfg = Release|Any CPU
		{9D20957E-CDC1-4E4A-9C26-EFDBA95F4BE9}.Release|Any CPU.Build.0 = Release|Any CPU
		{83438AB8-62A9-485C-A5F2-89CE7177DAA3}.Debug|Any CPU.ActiveCfg = Debug|Any CPU
		{83438AB8-62A9-485C-A5F2-89CE7177DAA3}.Debug|Any CPU.Build.0 = Debug|Any CPU
		{83438AB8-62A9-485C-A5F2-89CE7177DAA3}.Release|Any CPU.ActiveCfg = Release|Any CPU
		{83438AB8-62A9-485C-A5F2-89CE7177DAA3}.Release|Any CPU.Build.0 = Release|Any CPU
		{31791F5C-0F3C-490F-8791-328E1B8C584E}.Debug|Any CPU.ActiveCfg = Debug|Any CPU
		{31791F5C-0F3C-490F-8791-328E1B8C584E}.Debug|Any CPU.Build.0 = Debug|Any CPU
		{31791F5C-0F3C-490F-8791-328E1B8C584E}.Release|Any CPU.ActiveCfg = Release|Any CPU
		{31791F5C-0F3C-490F-8791-328E1B8C584E}.Release|Any CPU.Build.0 = Release|Any CPU
		{4DFD7E7F-3CD5-4D9A-9DBA-2C9E738471C4}.Debug|Any CPU.ActiveCfg = Debug|Any CPU
		{4DFD7E7F-3CD5-4D9A-9DBA-2C9E738471C4}.Debug|Any CPU.Build.0 = Debug|Any CPU
		{4DFD7E7F-3CD5-4D9A-9DBA-2C9E738471C4}.Release|Any CPU.ActiveCfg = Release|Any CPU
		{4DFD7E7F-3CD5-4D9A-9DBA-2C9E738471C4}.Release|Any CPU.Build.0 = Release|Any CPU
		{AE05B8AC-9950-4A9E-BE7F-6A10693CC54C}.Debug|Any CPU.ActiveCfg = Debug|Any CPU
		{AE05B8AC-9950-4A9E-BE7F-6A10693CC54C}.Debug|Any CPU.Build.0 = Debug|Any CPU
		{AE05B8AC-9950-4A9E-BE7F-6A10693CC54C}.Release|Any CPU.ActiveCfg = Release|Any CPU
		{AE05B8AC-9950-4A9E-BE7F-6A10693CC54C}.Release|Any CPU.Build.0 = Release|Any CPU
		{8DAC7999-82B4-4DED-94ED-35377F8A4FE8}.Debug|Any CPU.ActiveCfg = Debug|Any CPU
		{8DAC7999-82B4-4DED-94ED-35377F8A4FE8}.Debug|Any CPU.Build.0 = Debug|Any CPU
		{8DAC7999-82B4-4DED-94ED-35377F8A4FE8}.Release|Any CPU.ActiveCfg = Release|Any CPU
		{8DAC7999-82B4-4DED-94ED-35377F8A4FE8}.Release|Any CPU.Build.0 = Release|Any CPU
	EndGlobalSection
EndGlobal
